
Microsoft Visual Studio Solution File, Format Version 12.00
# Visual Studio Version 16
VisualStudioVersion = 16.0.30309.148
MinimumVisualStudioVersion = 10.0.40219.1
Project("{2150E333-8FDC-42A3-9474-1A3956D46DE8}") = "src", "src", "{2D3932A4-FD80-4CF8-9E3D-0A41FEF55525}"
EndProject
Project("{2150E333-8FDC-42A3-9474-1A3956D46DE8}") = "test", "test", "{DEB66B52-96D2-4DAF-9122-0CD08A21FEF5}"
EndProject
Project("{9A19103F-16F7-4668-BE54-9A1E7A4F7556}") = "Serilog.Sinks.Kafka", "src\Serilog.Sinks.Kafka\Serilog.Sinks.Kafka.csproj", "{FF287956-A46A-4C4F-BB70-A7020B865E7F}"
EndProject
Project("{9A19103F-16F7-4668-BE54-9A1E7A4F7556}") = "Serilog.Sinks.Kafka.Tests", "test\Serilog.Sinks.Kafka.Tests\Serilog.Sinks.Kafka.Tests.csproj", "{9CD84F59-87C4-4338-8702-C0F59CFCEB0D}"
EndProject
Project("{FAE04EC0-301F-11D3-BF4B-00C04F79EFBC}") = "Serilog.Sinks.AliyunLog", "src\Serilog.Sinks.AliyunLog\Serilog.Sinks.AliyunLog.csproj", "{7764637F-5A52-4DF9-9E09-1F0E0E6CCD5D}"
EndProject
Project("{FAE04EC0-301F-11D3-BF4B-00C04F79EFBC}") = "Serilog.Sinks.AliyunLog.Tests", "test\Serilog.Sinks.AliyunLog.Tests\Serilog.Sinks.AliyunLog.Tests.csproj", "{77FD0DE1-6ABD-4610-BE71-6225C1A9A7B0}"
EndProject
Global
	GlobalSection(SolutionConfigurationPlatforms) = preSolution
		Debug|Any CPU = Debug|Any CPU
		Release|Any CPU = Release|Any CPU
	EndGlobalSection
	GlobalSection(ProjectConfigurationPlatforms) = postSolution
		{FF287956-A46A-4C4F-BB70-A7020B865E7F}.Debug|Any CPU.ActiveCfg = Debug|Any CPU
		{FF287956-A46A-4C4F-BB70-A7020B865E7F}.Debug|Any CPU.Build.0 = Debug|Any CPU
		{FF287956-A46A-4C4F-BB70-A7020B865E7F}.Release|Any CPU.ActiveCfg = Release|Any CPU
		{FF287956-A46A-4C4F-BB70-A7020B865E7F}.Release|Any CPU.Build.0 = Release|Any CPU
		{9CD84F59-87C4-4338-8702-C0F59CFCEB0D}.Debug|Any CPU.ActiveCfg = Debug|Any CPU
		{9CD84F59-87C4-4338-8702-C0F59CFCEB0D}.Debug|Any CPU.Build.0 = Debug|Any CPU
		{9CD84F59-87C4-4338-8702-C0F59CFCEB0D}.Release|Any CPU.ActiveCfg = Release|Any CPU
		{9CD84F59-87C4-4338-8702-C0F59CFCEB0D}.Release|Any CPU.Build.0 = Release|Any CPU
		{7764637F-5A52-4DF9-9E09-1F0E0E6CCD5D}.Debug|Any CPU.ActiveCfg = Debug|Any CPU
		{7764637F-5A52-4DF9-9E09-1F0E0E6CCD5D}.Debug|Any CPU.Build.0 = Debug|Any CPU
		{7764637F-5A52-4DF9-9E09-1F0E0E6CCD5D}.Release|Any CPU.ActiveCfg = Release|Any CPU
		{7764637F-5A52-4DF9-9E09-1F0E0E6CCD5D}.Release|Any CPU.Build.0 = Release|Any CPU
		{77FD0DE1-6ABD-4610-BE71-6225C1A9A7B0}.Debug|Any CPU.ActiveCfg = Debug|Any CPU
		{77FD0DE1-6ABD-4610-BE71-6225C1A9A7B0}.Debug|Any CPU.Build.0 = Debug|Any CPU
		{77FD0DE1-6ABD-4610-BE71-6225C1A9A7B0}.Release|Any CPU.ActiveCfg = Release|Any CPU
		{77FD0DE1-6ABD-4610-BE71-6225C1A9A7B0}.Release|Any CPU.Build.0 = Release|Any CPU
	EndGlobalSection
	GlobalSection(SolutionProperties) = preSolution
		HideSolutionNode = FALSE
	EndGlobalSection
	GlobalSection(NestedProjects) = preSolution
		{FF287956-A46A-4C4F-BB70-A7020B865E7F} = {2D3932A4-FD80-4CF8-9E3D-0A41FEF55525}
		{9CD84F59-87C4-4338-8702-C0F59CFCEB0D} = {DEB66B52-96D2-4DAF-9122-0CD08A21FEF5}
		{7764637F-5A52-4DF9-9E09-1F0E0E6CCD5D} = {2D3932A4-FD80-4CF8-9E3D-0A41FEF55525}
		{77FD0DE1-6ABD-4610-BE71-6225C1A9A7B0} = {DEB66B52-96D2-4DAF-9122-0CD08A21FEF5}
	EndGlobalSection
	GlobalSection(ExtensibilityGlobals) = postSolution
		SolutionGuid = {48484494-4AD6-42B3-A86D-827CA2DABC7C}
	EndGlobalSection
EndGlobal
